
Microsoft Visual Studio Solution File, Format Version 12.00
# Visual Studio Version 17
VisualStudioVersion = 17.6.33927.249
MinimumVisualStudioVersion = 10.0.40219.1
Project("{FAE04EC0-301F-11D3-BF4B-00C04F79EFBC}") = "ClassDemoIF", "ClassDemoIF\ClassDemoIF.csproj", "{D5AFAF9B-32AF-4063-91AE-F7D86656D17F}"
EndProject
Global
	GlobalSection(SolutionConfigurationPlatforms) = preSolution
		Debug|Any CPU = Debug|Any CPU
		Release|Any CPU = Release|Any CPU
	EndGlobalSection
	GlobalSection(ProjectConfigurationPlatforms) = postSolution
		{D5AFAF9B-32AF-4063-91AE-F7D86656D17F}.Debug|Any CPU.ActiveCfg = Debug|Any CPU
		{D5AFAF9B-32AF-4063-91AE-F7D86656D17F}.Debug|Any CPU.Build.0 = Debug|Any CPU
		{D5AFAF9B-32AF-4063-91AE-F7D86656D17F}.Release|Any CPU.ActiveCfg = Release|Any CPU
		{D5AFAF9B-32AF-4063-91AE-F7D86656D17F}.Release|Any CPU.Build.0 = Release|Any CPU
	EndGlobalSection
	GlobalSection(SolutionProperties) = preSolution
		HideSolutionNode = FALSE
	EndGlobalSection
	GlobalSection(ExtensibilityGlobals) = postSolution
		SolutionGuid = {11A3D785-CD0F-4620-A380-82FF415D82C1}
	EndGlobalSection
EndGlobal
